// !$*UTF8*$!
{
	archiveVersion = 1;
	classes = {
	};
	objectVersion = 56;
	objects = {

/* Begin PBXBuildFile section */
		1D62D6122B5A3C3800E48218 /* Explo.swift in Sources */ = {isa = PBXBuildFile; fileRef = 1D62D6102B5A3C3700E48218 /* Explo.swift */; };
		1D62D6132B5A3C3800E48218 /* ExploResult.swift in Sources */ = {isa = PBXBuildFile; fileRef = 1D62D6112B5A3C3700E48218 /* ExploResult.swift */; };
		1D62D6162B5A3C4400E48218 /* notes.md in Resources */ = {isa = PBXBuildFile; fileRef = 1D62D6152B5A3C4400E48218 /* notes.md */; };
		1DDDE24B2B5AA7DE001E5A98 /* RowExploResultView.swift in Sources */ = {isa = PBXBuildFile; fileRef = 1DDDE24A2B5AA7DE001E5A98 /* RowExploResultView.swift */; };
		1DDDE24D2B5AC86D001E5A98 /* DetailExploResultView.swift in Sources */ = {isa = PBXBuildFile; fileRef = 1DDDE24C2B5AC86D001E5A98 /* DetailExploResultView.swift */; };
		1DEDAE7D2B557968009E7F22 /* iTunesExplorerApp.swift in Sources */ = {isa = PBXBuildFile; fileRef = 1DEDAE7C2B557968009E7F22 /* iTunesExplorerApp.swift */; };
		1DEDAE7F2B557968009E7F22 /* ExplorerView.swift in Sources */ = {isa = PBXBuildFile; fileRef = 1DEDAE7E2B557968009E7F22 /* ExplorerView.swift */; };
		1DEDAE812B55796B009E7F22 /* Assets.xcassets in Resources */ = {isa = PBXBuildFile; fileRef = 1DEDAE802B55796B009E7F22 /* Assets.xcassets */; };
		1DEDAE842B55796B009E7F22 /* Preview Assets.xcassets in Resources */ = {isa = PBXBuildFile; fileRef = 1DEDAE832B55796B009E7F22 /* Preview Assets.xcassets */; };
/* End PBXBuildFile section */

/* Begin PBXFileReference section */
		1D62D6102B5A3C3700E48218 /* Explo.swift */ = {isa = PBXFileReference; fileEncoding = 4; lastKnownFileType = sourcecode.swift; path = Explo.swift; sourceTree = SOURCE_ROOT; };
		1D62D6112B5A3C3700E48218 /* ExploResult.swift */ = {isa = PBXFileReference; fileEncoding = 4; lastKnownFileType = sourcecode.swift; path = ExploResult.swift; sourceTree = SOURCE_ROOT; };
		1D62D6152B5A3C4400E48218 /* notes.md */ = {isa = PBXFileReference; fileEncoding = 4; lastKnownFileType = net.daringfireball.markdown; path = notes.md; sourceTree = "<group>"; };
		1DDDE24A2B5AA7DE001E5A98 /* RowExploResultView.swift */ = {isa = PBXFileReference; lastKnownFileType = sourcecode.swift; path = RowExploResultView.swift; sourceTree = "<group>"; };
		1DDDE24C2B5AC86D001E5A98 /* DetailExploResultView.swift */ = {isa = PBXFileReference; lastKnownFileType = sourcecode.swift; path = DetailExploResultView.swift; sourceTree = "<group>"; };
		1DEDAE792B557968009E7F22 /* iTunesExplorer.app */ = {isa = PBXFileReference; explicitFileType = wrapper.application; includeInIndex = 0; path = iTunesExplorer.app; sourceTree = BUILT_PRODUCTS_DIR; };
		1DEDAE7C2B557968009E7F22 /* iTunesExplorerApp.swift */ = {isa = PBXFileReference; lastKnownFileType = sourcecode.swift; path = iTunesExplorerApp.swift; sourceTree = "<group>"; };
		1DEDAE7E2B557968009E7F22 /* ExplorerView.swift */ = {isa = PBXFileReference; lastKnownFileType = sourcecode.swift; path = ExplorerView.swift; sourceTree = "<group>"; };
		1DEDAE802B55796B009E7F22 /* Assets.xcassets */ = {isa = PBXFileReference; lastKnownFileType = folder.assetcatalog; path = Assets.xcassets; sourceTree = "<group>"; };
		1DEDAE832B55796B009E7F22 /* Preview Assets.xcassets */ = {isa = PBXFileReference; lastKnownFileType = folder.assetcatalog; path = "Preview Assets.xcassets"; sourceTree = "<group>"; };
		1DEDAE8A2B557B2F009E7F22 /* README.md */ = {isa = PBXFileReference; lastKnownFileType = net.daringfireball.markdown; path = README.md; sourceTree = "<group>"; };
/* End PBXFileReference section */

/* Begin PBXFrameworksBuildPhase section */
		1DEDAE762B557968009E7F22 /* Frameworks */ = {
			isa = PBXFrameworksBuildPhase;
			buildActionMask = 2147483647;
			files = (
			);
			runOnlyForDeploymentPostprocessing = 0;
		};
/* End PBXFrameworksBuildPhase section */

/* Begin PBXGroup section */
		1D4097EC2B5A39CF0044B609 /* Models */ = {
			isa = PBXGroup;
			children = (
				1D62D6102B5A3C3700E48218 /* Explo.swift */,
				1D62D6112B5A3C3700E48218 /* ExploResult.swift */,
			);
			path = Models;
			sourceTree = "<group>";
		};
		1D62D6142B5A3C4400E48218 /* Notes */ = {
			isa = PBXGroup;
			children = (
				1D62D6152B5A3C4400E48218 /* notes.md */,
			);
			name = Notes;
			path = iTunesExplorer/Notes;
			sourceTree = SOURCE_ROOT;
		};
		1DEDAE702B557968009E7F22 = {
			isa = PBXGroup;
			children = (
				1DEDAE8A2B557B2F009E7F22 /* README.md */,
				1DEDAE7B2B557968009E7F22 /* iTunesExplorer */,
				1DEDAE7A2B557968009E7F22 /* Products */,
			);
			sourceTree = "<group>";
		};
		1DEDAE7A2B557968009E7F22 /* Products */ = {
			isa = PBXGroup;
			children = (
				1DEDAE792B557968009E7F22 /* iTunesExplorer.app */,
			);
			name = Products;
			sourceTree = "<group>";
		};
		1DEDAE7B2B557968009E7F22 /* iTunesExplorer */ = {
			isa = PBXGroup;
			children = (
				1D4097EC2B5A39CF0044B609 /* Models */,
				1DEDAE7C2B557968009E7F22 /* iTunesExplorerApp.swift */,
				1DEDAE7E2B557968009E7F22 /* ExplorerView.swift */,
				1DDDE24C2B5AC86D001E5A98 /* DetailExploResultView.swift */,
				1DDDE24A2B5AA7DE001E5A98 /* RowExploResultView.swift */,
				1DEDAE802B55796B009E7F22 /* Assets.xcassets */,
				1D62D6142B5A3C4400E48218 /* Notes */,
				1DEDAE822B55796B009E7F22 /* Preview Content */,
			);
			path = iTunesExplorer;
			sourceTree = "<group>";
		};
		1DEDAE822B55796B009E7F22 /* Preview Content */ = {
			isa = PBXGroup;
			children = (
				1DEDAE832B55796B009E7F22 /* Preview Assets.xcassets */,
			);
			path = "Preview Content";
			sourceTree = "<group>";
		};
/* End PBXGroup section */

/* Begin PBXNativeTarget section */
		1DEDAE782B557968009E7F22 /* iTunesExplorer */ = {
			isa = PBXNativeTarget;
			buildConfigurationList = 1DEDAE872B55796B009E7F22 /* Build configuration list for PBXNativeTarget "iTunesExplorer" */;
			buildPhases = (
				1DEDAE752B557968009E7F22 /* Sources */,
				1DEDAE762B557968009E7F22 /* Frameworks */,
				1DEDAE772B557968009E7F22 /* Resources */,
			);
			buildRules = (
			);
			dependencies = (
			);
			name = iTunesExplorer;
			productName = iTunesExplorer;
			productReference = 1DEDAE792B557968009E7F22 /* iTunesExplorer.app */;
			productType = "com.apple.product-type.application";
		};
/* End PBXNativeTarget section */

/* Begin PBXProject section */
		1DEDAE712B557968009E7F22 /* Project object */ = {
			isa = PBXProject;
			attributes = {
				BuildIndependentTargetsInParallel = 1;
				LastSwiftUpdateCheck = 1520;
				LastUpgradeCheck = 1520;
				TargetAttributes = {
					1DEDAE782B557968009E7F22 = {
						CreatedOnToolsVersion = 15.2;
					};
				};
			};
			buildConfigurationList = 1DEDAE742B557968009E7F22 /* Build configuration list for PBXProject "iTunesExplorer" */;
			compatibilityVersion = "Xcode 14.0";
			developmentRegion = en;
			hasScannedForEncodings = 0;
			knownRegions = (
				en,
				Base,
			);
			mainGroup = 1DEDAE702B557968009E7F22;
			productRefGroup = 1DEDAE7A2B557968009E7F22 /* Products */;
			projectDirPath = "";
			projectRoot = "";
			targets = (
				1DEDAE782B557968009E7F22 /* iTunesExplorer */,
			);
		};
/* End PBXProject section */

/* Begin PBXResourcesBuildPhase section */
		1DEDAE772B557968009E7F22 /* Resources */ = {
			isa = PBXResourcesBuildPhase;
			buildActionMask = 2147483647;
			files = (
				1DEDAE842B55796B009E7F22 /* Preview Assets.xcassets in Resources */,
				1D62D6162B5A3C4400E48218 /* notes.md in Resources */,
				1DEDAE812B55796B009E7F22 /* Assets.xcassets in Resources */,
			);
			runOnlyForDeploymentPostprocessing = 0;
		};
/* End PBXResourcesBuildPhase section */

/* Begin PBXSourcesBuildPhase section */
		1DEDAE752B557968009E7F22 /* Sources */ = {
			isa = PBXSourcesBuildPhase;
			buildActionMask = 2147483647;
			files = (
				1DDDE24B2B5AA7DE001E5A98 /* RowExploResultView.swift in Sources */,
				1DEDAE7F2B557968009E7F22 /* ExplorerView.swift in Sources */,
				1D62D6122B5A3C3800E48218 /* Explo.swift in Sources */,
				1DDDE24D2B5AC86D001E5A98 /* DetailExploResultView.swift in Sources */,
				1DEDAE7D2B557968009E7F22 /* iTunesExplorerApp.swift in Sources */,
				1D62D6132B5A3C3800E48218 /* ExploResult.swift in Sources */,
			);
			runOnlyForDeploymentPostprocessing = 0;
		};
/* End PBXSourcesBuildPhase section */

/* Begin XCBuildConfiguration section */
		1DEDAE852B55796B009E7F22 /* Debug */ = {
			isa = XCBuildConfiguration;
			buildSettings = {
				ALWAYS_SEARCH_USER_PATHS = NO;
				ASSETCATALOG_COMPILER_GENERATE_SWIFT_ASSET_SYMBOL_EXTENSIONS = YES;
				CLANG_ANALYZER_NONNULL = YES;
				CLANG_ANALYZER_NUMBER_OBJECT_CONVERSION = YES_AGGRESSIVE;
				CLANG_CXX_LANGUAGE_STANDARD = "gnu++20";
				CLANG_ENABLE_MODULES = YES;
				CLANG_ENABLE_OBJC_ARC = YES;
				CLANG_ENABLE_OBJC_WEAK = YES;
				CLANG_WARN_BLOCK_CAPTURE_AUTORELEASING = YES;
				CLANG_WARN_BOOL_CONVERSION = YES;
				CLANG_WARN_COMMA = YES;
				CLANG_WARN_CONSTANT_CONVERSION = YES;
				CLANG_WARN_DEPRECATED_OBJC_IMPLEMENTATIONS = YES;
				CLANG_WARN_DIRECT_OBJC_ISA_USAGE = YES_ERROR;
				CLANG_WARN_DOCUMENTATION_COMMENTS = YES;
				CLANG_WARN_EMPTY_BODY = YES;
				CLANG_WARN_ENUM_CONVERSION = YES;
				CLANG_WARN_INFINITE_RECURSION = YES;
				CLANG_WARN_INT_CONVERSION = YES;
				CLANG_WARN_NON_LITERAL_NULL_CONVERSION = YES;
				CLANG_WARN_OBJC_IMPLICIT_RETAIN_SELF = YES;
				CLANG_WARN_OBJC_LITERAL_CONVERSION = YES;
				CLANG_WARN_OBJC_ROOT_CLASS = YES_ERROR;
				CLANG_WARN_QUOTED_INCLUDE_IN_FRAMEWORK_HEADER = YES;
				CLANG_WARN_RANGE_LOOP_ANALYSIS = YES;
				CLANG_WARN_STRICT_PROTOTYPES = YES;
				CLANG_WARN_SUSPICIOUS_MOVE = YES;
				CLANG_WARN_UNGUARDED_AVAILABILITY = YES_AGGRESSIVE;
				CLANG_WARN_UNREACHABLE_CODE = YES;
				CLANG_WARN__DUPLICATE_METHOD_MATCH = YES;
				COPY_PHASE_STRIP = NO;
				DEBUG_INFORMATION_FORMAT = dwarf;
				ENABLE_STRICT_OBJC_MSGSEND = YES;
				ENABLE_TESTABILITY = YES;
				ENABLE_USER_SCRIPT_SANDBOXING = YES;
				GCC_C_LANGUAGE_STANDARD = gnu17;
				GCC_DYNAMIC_NO_PIC = NO;
				GCC_NO_COMMON_BLOCKS = YES;
				GCC_OPTIMIZATION_LEVEL = 0;
				GCC_PREPROCESSOR_DEFINITIONS = (
					"DEBUG=1",
					"$(inherited)",
				);
				GCC_WARN_64_TO_32_BIT_CONVERSION = YES;
				GCC_WARN_ABOUT_RETURN_TYPE = YES_ERROR;
				GCC_WARN_UNDECLARED_SELECTOR = YES;
				GCC_WARN_UNINITIALIZED_AUTOS = YES_AGGRESSIVE;
				GCC_WARN_UNUSED_FUNCTION = YES;
				GCC_WARN_UNUSED_VARIABLE = YES;
				IPHONEOS_DEPLOYMENT_TARGET = 15.0;
				LOCALIZATION_PREFERS_STRING_CATALOGS = YES;
				MTL_ENABLE_DEBUG_INFO = INCLUDE_SOURCE;
				MTL_FAST_MATH = YES;
				ONLY_ACTIVE_ARCH = YES;
				SDKROOT = iphoneos;
				SWIFT_ACTIVE_COMPILATION_CONDITIONS = "DEBUG $(inherited)";
				SWIFT_OPTIMIZATION_LEVEL = "-Onone";
			};
			name = Debug;
		};
		1DEDAE862B55796B009E7F22 /* Release */ = {
			isa = XCBuildConfiguration;
			buildSettings = {
				ALWAYS_SEARCH_USER_PATHS = NO;
				ASSETCATALOG_COMPILER_GENERATE_SWIFT_ASSET_SYMBOL_EXTENSIONS = YES;
				CLANG_ANALYZER_NONNULL = YES;
				CLANG_ANALYZER_NUMBER_OBJECT_CONVERSION = YES_AGGRESSIVE;
				CLANG_CXX_LANGUAGE_STANDARD = "gnu++20";
				CLANG_ENABLE_MODULES = YES;
				CLANG_ENABLE_OBJC_ARC = YES;
				CLANG_ENABLE_OBJC_WEAK = YES;
				CLANG_WARN_BLOCK_CAPTURE_AUTORELEASING = YES;
				CLANG_WARN_BOOL_CONVERSION = YES;
				CLANG_WARN_COMMA = YES;
				CLANG_WARN_CONSTANT_CONVERSION = YES;
				CLANG_WARN_DEPRECATED_OBJC_IMPLEMENTATIONS = YES;
				CLANG_WARN_DIRECT_OBJC_ISA_USAGE = YES_ERROR;
				CLANG_WARN_DOCUMENTATION_COMMENTS = YES;
				CLANG_WARN_EMPTY_BODY = YES;
				CLANG_WARN_ENUM_CONVERSION = YES;
				CLANG_WARN_INFINITE_RECURSION = YES;
				CLANG_WARN_INT_CONVERSION = YES;
				CLANG_WARN_NON_LITERAL_NULL_CONVERSION = YES;
				CLANG_WARN_OBJC_IMPLICIT_RETAIN_SELF = YES;
				CLANG_WARN_OBJC_LITERAL_CONVERSION = YES;
				CLANG_WARN_OBJC_ROOT_CLASS = YES_ERROR;
				CLANG_WARN_QUOTED_INCLUDE_IN_FRAMEWORK_HEADER = YES;
				CLANG_WARN_RANGE_LOOP_ANALYSIS = YES;
				CLANG_WARN_STRICT_PROTOTYPES = YES;
				CLANG_WARN_SUSPICIOUS_MOVE = YES;
				CLANG_WARN_UNGUARDED_AVAILABILITY = YES_AGGRESSIVE;
				CLANG_WARN_UNREACHABLE_CODE = YES;
				CLANG_WARN__DUPLICATE_METHOD_MATCH = YES;
				COPY_PHASE_STRIP = NO;
				DEBUG_INFORMATION_FORMAT = "dwarf-with-dsym";
				ENABLE_NS_ASSERTIONS = NO;
				ENABLE_STRICT_OBJC_MSGSEND = YES;
				ENABLE_USER_SCRIPT_SANDBOXING = YES;
				GCC_C_LANGUAGE_STANDARD = gnu17;
				GCC_NO_COMMON_BLOCKS = YES;
				GCC_WARN_64_TO_32_BIT_CONVERSION = YES;
				GCC_WARN_ABOUT_RETURN_TYPE = YES_ERROR;
				GCC_WARN_UNDECLARED_SELECTOR = YES;
				GCC_WARN_UNINITIALIZED_AUTOS = YES_AGGRESSIVE;
				GCC_WARN_UNUSED_FUNCTION = YES;
				GCC_WARN_UNUSED_VARIABLE = YES;
				IPHONEOS_DEPLOYMENT_TARGET = 15.0;
				LOCALIZATION_PREFERS_STRING_CATALOGS = YES;
				MTL_ENABLE_DEBUG_INFO = NO;
				MTL_FAST_MATH = YES;
				SDKROOT = iphoneos;
				SWIFT_COMPILATION_MODE = wholemodule;
				VALIDATE_PRODUCT = YES;
			};
			name = Release;
		};
		1DEDAE882B55796B009E7F22 /* Debug */ = {
			isa = XCBuildConfiguration;
			buildSettings = {
				ASSETCATALOG_COMPILER_APPICON_NAME = AppIcon;
				ASSETCATALOG_COMPILER_GLOBAL_ACCENT_COLOR_NAME = AccentColor;
				CODE_SIGN_STYLE = Automatic;
				CURRENT_PROJECT_VERSION = 1;
				DEVELOPMENT_ASSET_PATHS = "\"iTunesExplorer/Preview Content\"";
				DEVELOPMENT_TEAM = 9448XGY9XB;
				ENABLE_PREVIEWS = YES;
				GENERATE_INFOPLIST_FILE = YES;
				INFOPLIST_KEY_UIApplicationSceneManifest_Generation = YES;
				INFOPLIST_KEY_UIApplicationSupportsIndirectInputEvents = YES;
				INFOPLIST_KEY_UILaunchScreen_Generation = YES;
				INFOPLIST_KEY_UISupportedInterfaceOrientations_iPad = "UIInterfaceOrientationPortrait UIInterfaceOrientationPortraitUpsideDown UIInterfaceOrientationLandscapeLeft UIInterfaceOrientationLandscapeRight";
				INFOPLIST_KEY_UISupportedInterfaceOrientations_iPhone = "UIInterfaceOrientationPortrait UIInterfaceOrientationLandscapeLeft UIInterfaceOrientationLandscapeRight";
				IPHONEOS_DEPLOYMENT_TARGET = 15.0;
				LD_RUNPATH_SEARCH_PATHS = (
					"$(inherited)",
					"@executable_path/Frameworks",
				);
				MARKETING_VERSION = 1.0;
				PRODUCT_BUNDLE_IDENTIFIER = com.DOOtheDESIGN.LC.iTunesExplorer;
				PRODUCT_NAME = "$(TARGET_NAME)";
				SWIFT_EMIT_LOC_STRINGS = YES;
				SWIFT_VERSION = 5.0;
				TARGETED_DEVICE_FAMILY = "1,2";
			};
			name = Debug;
		};
		1DEDAE892B55796B009E7F22 /* Release */ = {
			isa = XCBuildConfiguration;
			buildSettings = {
				ASSETCATALOG_COMPILER_APPICON_NAME = AppIcon;
				ASSETCATALOG_COMPILER_GLOBAL_ACCENT_COLOR_NAME = AccentColor;
				CODE_SIGN_STYLE = Automatic;
				CURRENT_PROJECT_VERSION = 1;
				DEVELOPMENT_ASSET_PATHS = "\"iTunesExplorer/Preview Content\"";
				DEVELOPMENT_TEAM = 9448XGY9XB;
				ENABLE_PREVIEWS = YES;
				GENERATE_INFOPLIST_FILE = YES;
				INFOPLIST_KEY_UIApplicationSceneManifest_Generation = YES;
				INFOPLIST_KEY_UIApplicationSupportsIndirectInputEvents = YES;
				INFOPLIST_KEY_UILaunchScreen_Generation = YES;
				INFOPLIST_KEY_UISupportedInterfaceOrientations_iPad = "UIInterfaceOrientationPortrait UIInterfaceOrientationPortraitUpsideDown UIInterfaceOrientationLandscapeLeft UIInterfaceOrientationLandscapeRight";
				INFOPLIST_KEY_UISupportedInterfaceOrientations_iPhone = "UIInterfaceOrientationPortrait UIInterfaceOrientationLandscapeLeft UIInterfaceOrientationLandscapeRight";
				IPHONEOS_DEPLOYMENT_TARGET = 15.0;
				LD_RUNPATH_SEARCH_PATHS = (
					"$(inherited)",
					"@executable_path/Frameworks",
				);
				MARKETING_VERSION = 1.0;
				PRODUCT_BUNDLE_IDENTIFIER = com.DOOtheDESIGN.LC.iTunesExplorer;
				PRODUCT_NAME = "$(TARGET_NAME)";
				SWIFT_EMIT_LOC_STRINGS = YES;
				SWIFT_VERSION = 5.0;
				TARGETED_DEVICE_FAMILY = "1,2";
			};
			name = Release;
		};
/* End XCBuildConfiguration section */

/* Begin XCConfigurationList section */
		1DEDAE742B557968009E7F22 /* Build configuration list for PBXProject "iTunesExplorer" */ = {
			isa = XCConfigurationList;
			buildConfigurations = (
				1DEDAE852B55796B009E7F22 /* Debug */,
				1DEDAE862B55796B009E7F22 /* Release */,
			);
			defaultConfigurationIsVisible = 0;
			defaultConfigurationName = Release;
		};
		1DEDAE872B55796B009E7F22 /* Build configuration list for PBXNativeTarget "iTunesExplorer" */ = {
			isa = XCConfigurationList;
			buildConfigurations = (
				1DEDAE882B55796B009E7F22 /* Debug */,
				1DEDAE892B55796B009E7F22 /* Release */,
			);
			defaultConfigurationIsVisible = 0;
			defaultConfigurationName = Release;
		};
/* End XCConfigurationList section */
	};
	rootObject = 1DEDAE712B557968009E7F22 /* Project object */;
}
